{
  "requires": true,
  "lockfileVersion": 1,
  "dependencies": {
    "hexo-generator-index-pin-top": {
      "version": "0.2.2",
      "resolved": "https://registry.npm.taobao.org/hexo-generator-index-pin-top/download/hexo-generator-index-pin-top-0.2.2.tgz",
      "integrity": "sha1-NLW575DhvKj76VfTs8GDyjOt6Tc=",
      "requires": {
        "hexo-pagination": "0.0.2",
        "object-assign": "^4.0.1"
      }
    },
    "hexo-pagination": {
      "version": "0.0.2",
      "resolved": "https://registry.npm.taobao.org/hexo-pagination/download/hexo-pagination-0.0.2.tgz",
      "integrity": "sha1-jPRwx9sN5bGKOSanbesZQBXffys=",
      "requires": {
        "utils-merge": "^1.0.0"
      }
    },
    "object-assign": {
      "version": "4.1.1",
      "resolved": "https://registry.npm.taobao.org/object-assign/download/object-assign-4.1.1.tgz?cache=0&sync_timestamp=1571657171505&other_urls=https%3A%2F%2Fregistry.npm.taobao.org%2Fobject-assign%2Fdownload%2Fobject-assign-4.1.1.tgz",
      "integrity": "sha1-IQmtx5ZYh8/AXLvUQsrIv7s2CGM="
    },
    "utils-merge": {
      "version": "1.0.1",
      "resolved": "https://registry.npm.taobao.org/utils-merge/download/utils-merge-1.0.1.tgz",
      "integrity": "sha1-n5VxD1CiZ5R7LMwSR0HBAoQn5xM="
    }
  }
}
